{
  "nodes": {
    "edgyarc-fr": {
      "flake": false,
      "locked": {
        "lastModified": 1717074318,
        "narHash": "sha256-KvzYDTMHZom9kDCGL9NMBH76s4kIgtOVG8hb88VfREY=",
        "owner": "artsyfriedchicken",
        "repo": "EdgyArc-fr",
        "rev": "2ba31f414811324f218111c94586651456d89fdf",
        "type": "github"
      },
      "original": {
        "owner": "artsyfriedchicken",
        "repo": "EdgyArc-fr",
        "type": "github"
      }
    },
    "home-manager": {
      "inputs": {
        "nixpkgs": [
          "nixpkgs"
        ]
      },
      "locked": {
        "lastModified": 1723015306,
        "narHash": "sha256-jQnFEtH20/OsDPpx71ntZzGdRlpXhUENSQCGTjn//NA=",
        "owner": "nix-community",
        "repo": "home-manager",
        "rev": "b3d5ea65d88d67d4ec578ed11d4d2d51e3de525e",
        "type": "github"
      },
      "original": {
        "owner": "nix-community",
        "repo": "home-manager",
        "type": "github"
      }
    },
    "nixpkgs": {
      "locked": {
        "lastModified": 1723175592,
        "narHash": "sha256-M0xJ3FbDUc4fRZ84dPGx5VvgFsOzds77KiBMW/mMTnI=",
        "owner": "NixOS",
        "repo": "nixpkgs",
        "rev": "5e0ca22929f3342b19569b21b2f3462f053e497b",
        "type": "github"
      },
      "original": {
        "owner": "NixOS",
        "ref": "nixos-unstable",
        "repo": "nixpkgs",
        "type": "github"
      }
    },
    "nur": {
      "locked": {
        "lastModified": 1723319165,
        "narHash": "sha256-seqBRa8LtRGK1cpYV3mA0dXWOhhVF+D5Q5DwijsDFAs=",
        "owner": "nix-community",
        "repo": "NUR",
        "rev": "a6a4bc14768382074ea582f5f315cab6dca63ea2",
        "type": "github"
      },
      "original": {
        "owner": "nix-community",
        "repo": "NUR",
        "type": "github"
      }
    },
    "root": {
      "inputs": {
        "edgyarc-fr": "edgyarc-fr",
        "home-manager": "home-manager",
        "nixpkgs": "nixpkgs",
        "nur": "nur"
      }
    }
  },
  "root": "root",
  "version": 7
}
